<?xml version="1.0" encoding="utf-8"?>
<Project ToolsVersion="4.0" xmlns="http://schemas.microsoft.com/developer/msbuild/2003">
  <ItemGroup>
    <Filter Include="Source Files">
      <UniqueIdentifier>{4FC737F1-C7A5-4376-A066-2A32D752A2FF}</UniqueIdentifier>
      <Extensions>cpp;c;cc;cxx;c++;def;odl;idl;hpj;bat;asm;asmx</Extensions>
    </Filter>
    <Filter Include="Header Files">
      <UniqueIdentifier>{93995380-89BD-4b04-88EB-625FBE52EBFB}</UniqueIdentifier>
      <Extensions>h;hh;hpp;hxx;h++;hm;inl;inc;ipp;xsd</Extensions>
    </Filter>
    <Filter Include="Resource Files">
      <UniqueIdentifier>{67DA6AB6-F800-4c08-8B7A-83BB121AAD01}</UniqueIdentifier>
      <Extensions>rc;ico;cur;bmp;dlg;rc2;rct;bin;rgs;gif;jpg;jpeg;jpe;resx;tiff;tif;png;wav;mfcribbon-ms</Extensions>
    </Filter>
    <Filter Include="Resource Files\Shaders">
      <UniqueIdentifier>{19600264-07c4-4275-bbbb-7255e9c606de}</UniqueIdentifier>
    </Filter>
    <Filter Include="Resource Files\Textures">
      <UniqueIdentifier>{937cd96d-25d0-42cf-9d2f-191d45b909da}</UniqueIdentifier>
    </Filter>
    <Filter Include="Resource Files\Shaders\LightShaders">
      <UniqueIdentifier>{bddbd5d6-2ec9-4f6e-a71b-ff4497e86e5b}</UniqueIdentifier>
    </Filter>
    <Filter Include="Resource Files\Shaders\ModelShaders">
      <UniqueIdentifier>{f7d0fa18-36b3-46e9-9356-6439bee63fc0}</UniqueIdentifier>
    </Filter>
  </ItemGroup>
  <ItemGroup>
    <ClCompile Include="glad.c">
      <Filter>Source Files</Filter>
    </ClCompile>
    <ClCompile Include="main.cpp">
      <Filter>Source Files</Filter>
    </ClCompile>
    <ClCompile Include="Camera.cpp">
      <Filter>Source Files</Filter>
    </ClCompile>
    <ClCompile Include="Shader.cpp">
      <Filter>Source Files</Filter>
    </ClCompile>
    <ClCompile Include="stb_image.cpp">
      <Filter>Source Files</Filter>
    </ClCompile>
    <ClCompile Include="Texture.cpp">
      <Filter>Source Files</Filter>
    </ClCompile>
    <ClCompile Include="VertexArray.cpp">
      <Filter>Source Files</Filter>
    </ClCompile>
    <ClCompile Include="MVP.cpp">
      <Filter>Source Files</Filter>
    </ClCompile>
    <ClCompile Include="Mesh.cpp">
      <Filter>Source Files</Filter>
    </ClCompile>
    <ClCompile Include="Model.cpp">
      <Filter>Source Files</Filter>
    </ClCompile>
  </ItemGroup>
  <ItemGroup>
    <ClInclude Include="Camera.h">
      <Filter>Header Files</Filter>
    </ClInclude>
    <ClInclude Include="Shader.h">
      <Filter>Header Files</Filter>
    </ClInclude>
    <ClInclude Include="stb_image.h">
      <Filter>Header Files</Filter>
    </ClInclude>
    <ClInclude Include="Texture.h">
      <Filter>Header Files</Filter>
    </ClInclude>
    <ClInclude Include="VertexArray.h">
      <Filter>Header Files</Filter>
    </ClInclude>
    <ClInclude Include="MVP.h">
      <Filter>Header Files</Filter>
    </ClInclude>
    <ClInclude Include="Mesh.h">
      <Filter>Header Files</Filter>
    </ClInclude>
    <ClInclude Include="Model.h">
      <Filter>Header Files</Filter>
    </ClInclude>
  </ItemGroup>
  <ItemGroup>
    <None Include="res\Shaders\shader.fs">
      <Filter>Resource Files\Shaders</Filter>
    </None>
    <None Include="res\Shaders\shader.vs">
      <Filter>Resource Files\Shaders</Filter>
    </None>
    <None Include="res\Shaders\LightShaders\shader_c.fs">
      <Filter>Resource Files\Shaders\LightShaders</Filter>
    </None>
    <None Include="res\Shaders\LightShaders\shader_c.vs">
      <Filter>Resource Files\Shaders\LightShaders</Filter>
    </None>
    <None Include="res\Shaders\LightShaders\shader_ls.fs">
      <Filter>Resource Files\Shaders\LightShaders</Filter>
    </None>
    <None Include="res\Shaders\LightShaders\shader_ls.vs">
      <Filter>Resource Files\Shaders\LightShaders</Filter>
    </None>
    <None Include="res\Shaders\ModelShaders\shader_m.fs">
      <Filter>Resource Files\Shaders\ModelShaders</Filter>
    </None>
    <None Include="res\Shaders\ModelShaders\shader_m.vs">
      <Filter>Resource Files\Shaders\ModelShaders</Filter>
    </None>
  </ItemGroup>
  <ItemGroup>
    <Image Include="res\Textures\awesomeface.png">
      <Filter>Resource Files\Textures</Filter>
    </Image>
    <Image Include="res\Textures\container.jpg">
      <Filter>Resource Files\Textures</Filter>
    </Image>
    <Image Include="res\Textures\container2.png">
      <Filter>Resource Files\Textures</Filter>
    </Image>
    <Image Include="res\Textures\container2_specular.png">
      <Filter>Resource Files\Textures</Filter>
    </Image>
    <Image Include="res\Textures\container2_specular_colored.png">
      <Filter>Resource Files\Textures</Filter>
    </Image>
    <Image Include="res\Textures\matrix.jpg">
      <Filter>Resource Files\Textures</Filter>
    </Image>
    <Image Include="res\Textures\marble.jpg">
      <Filter>Resource Files\Textures</Filter>
    </Image>
    <Image Include="res\Textures\brickwall.jpg">
      <Filter>Resource Files\Textures</Filter>
    </Image>
  </ItemGroup>
</Project>